
Microsoft Visual Studio Solution File, Format Version 12.00
# Visual Studio Version 16
VisualStudioVersion = 16.0.32106.194
MinimumVisualStudioVersion = 10.0.40219.1
Project("{FAE04EC0-301F-11D3-BF4B-00C04F79EFBC}") = "mvc_modelbinding", "mvc_modelbinding\mvc_modelbinding.csproj", "{4128E8D0-A7FB-4B4E-97FA-1DB2DC9DC996}"
EndProject
Global
	GlobalSection(SolutionConfigurationPlatforms) = preSolution
		Debug|Any CPU = Debug|Any CPU
		Release|Any CPU = Release|Any CPU
	EndGlobalSection
	GlobalSection(ProjectConfigurationPlatforms) = postSolution
		{4128E8D0-A7FB-4B4E-97FA-1DB2DC9DC996}.Debug|Any CPU.ActiveCfg = Debug|Any CPU
		{4128E8D0-A7FB-4B4E-97FA-1DB2DC9DC996}.Debug|Any CPU.Build.0 = Debug|Any CPU
		{4128E8D0-A7FB-4B4E-97FA-1DB2DC9DC996}.Release|Any CPU.ActiveCfg = Release|Any CPU
		{4128E8D0-A7FB-4B4E-97FA-1DB2DC9DC996}.Release|Any CPU.Build.0 = Release|Any CPU
	EndGlobalSection
	GlobalSection(SolutionProperties) = preSolution
		HideSolutionNode = FALSE
	EndGlobalSection
	GlobalSection(ExtensibilityGlobals) = postSolution
		SolutionGuid = {BC469814-A575-4448-81A5-060B7127530D}
	EndGlobalSection
EndGlobal
