
Microsoft Visual Studio Solution File, Format Version 12.00
# Visual Studio Version 16
VisualStudioVersion = 16.0.32106.194
MinimumVisualStudioVersion = 10.0.40219.1
Project("{FAE04EC0-301F-11D3-BF4B-00C04F79EFBC}") = "MVC_Core", "MVC_Core\MVC_Core.csproj", "{04A65D40-5078-42E5-BA18-0525FC506590}"
EndProject
Global
	GlobalSection(SolutionConfigurationPlatforms) = preSolution
		Debug|Any CPU = Debug|Any CPU
		Release|Any CPU = Release|Any CPU
	EndGlobalSection
	GlobalSection(ProjectConfigurationPlatforms) = postSolution
		{04A65D40-5078-42E5-BA18-0525FC506590}.Debug|Any CPU.ActiveCfg = Debug|Any CPU
		{04A65D40-5078-42E5-BA18-0525FC506590}.Debug|Any CPU.Build.0 = Debug|Any CPU
		{04A65D40-5078-42E5-BA18-0525FC506590}.Release|Any CPU.ActiveCfg = Release|Any CPU
		{04A65D40-5078-42E5-BA18-0525FC506590}.Release|Any CPU.Build.0 = Release|Any CPU
	EndGlobalSection
	GlobalSection(SolutionProperties) = preSolution
		HideSolutionNode = FALSE
	EndGlobalSection
	GlobalSection(ExtensibilityGlobals) = postSolution
		SolutionGuid = {666D570F-321B-4A8C-A901-A76523DA2585}
	EndGlobalSection
EndGlobal
