
Microsoft Visual Studio Solution File, Format Version 12.00
# Visual Studio Version 17
VisualStudioVersion = 17.3.32825.248
MinimumVisualStudioVersion = 10.0.40219.1
Project("{FAE04EC0-301F-11D3-BF4B-00C04F79EFBC}") = "ConsoleApp39", "ConsoleApp39\ConsoleApp39.csproj", "{AA0E7D21-BF2F-4BC5-8C0C-E2E46664633D}"
EndProject
Global
	GlobalSection(SolutionConfigurationPlatforms) = preSolution
		Debug|Any CPU = Debug|Any CPU
		Release|Any CPU = Release|Any CPU
	EndGlobalSection
	GlobalSection(ProjectConfigurationPlatforms) = postSolution
		{AA0E7D21-BF2F-4BC5-8C0C-E2E46664633D}.Debug|Any CPU.ActiveCfg = Debug|Any CPU
		{AA0E7D21-BF2F-4BC5-8C0C-E2E46664633D}.Debug|Any CPU.Build.0 = Debug|Any CPU
		{AA0E7D21-BF2F-4BC5-8C0C-E2E46664633D}.Release|Any CPU.ActiveCfg = Release|Any CPU
		{AA0E7D21-BF2F-4BC5-8C0C-E2E46664633D}.Release|Any CPU.Build.0 = Release|Any CPU
	EndGlobalSection
	GlobalSection(SolutionProperties) = preSolution
		HideSolutionNode = FALSE
	EndGlobalSection
	GlobalSection(ExtensibilityGlobals) = postSolution
		SolutionGuid = {8DF83E07-E702-4A8E-AFCE-7F9CA6CE7E10}
	EndGlobalSection
EndGlobal
